<?xml version="1.0" encoding="utf-8"?>
<Project ToolsVersion="4.0" xmlns="http://schemas.microsoft.com/developer/msbuild/2003">
  <ItemGroup>
    <ClCompile Include="Systems\Graphics.cpp" />
    <ClCompile Include="Systems\Keyboard.cpp" />
    <ClCompile Include="Systems\Mouse.cpp" />
    <ClCompile Include="Systems\Time.cpp" />
    <ClCompile Include="Systems\Window.cpp" />
    <ClCompile Include="Utilities\Gui.cpp" />
    <ClCompile Include="Framework.cpp" />
    <ClCompile Include="Renders\Resources\VertexType.cpp" />
    <ClCompile Include="Renders\IA\VertexBuffer.cpp" />
    <ClCompile Include="Renders\IA\IndexBuffer.cpp" />
    <ClCompile Include="Renders\IA\InputLayout.cpp" />
    <ClCompile Include="Renders\Shaders\IShader.cpp" />
    <ClCompile Include="Renders\Shaders\VertexShader.cpp" />
    <ClCompile Include="Renders\Shaders\PixelShader.cpp" />
    <ClCompile Include="Geomatries\TextureRect.cpp" />
    <ClCompile Include="Utilities\DirectHelper.cpp" />
    <ClCompile Include="Utilities\RenderTexture.cpp" />
    <ClCompile Include="Utilities\BoundingBox.cpp" />
    <ClCompile Include="Utilities\String.cpp" />
    <ClCompile Include="Utilities\Path.cpp" />
    <ClCompile Include="Renders\States.cpp" />
    <ClCompile Include="Renders\Resources\Texture2D.cpp" />
    <ClCompile Include="Utilities\Animator.cpp" />
    <ClCompile Include="Geomatries\AnimationRect.cpp" />
    <ClCompile Include="Game\Character.cpp" />
    <ClCompile Include="Systems\Camera.cpp" />
    <ClCompile Include="Systems\Sounds.cpp" />
    <ClCompile Include="Utilities\UI.cpp" />
    <ClCompile Include="Game\UI\Progressbar.cpp" />
    <ClCompile Include="Geomatries\Tile\Tile.cpp" />
    <ClCompile Include="Geomatries\Tile\TileSet.cpp" />
    <ClCompile Include="Geomatries\Tile\TileMap.cpp" />
    <ClCompile Include="Utilities\GameObject.cpp" />
    <ClCompile Include="Game\Object\Arrow.cpp" />
    <ClCompile Include="Geomatries\None\BlurTexture.cpp" />
    <ClCompile Include="Geomatries\None\GraphicControl.cpp" />
    <ClCompile Include="Geomatries\None\Rect.cpp" />
    <ClCompile Include="Geomatries\ShadedTexture.cpp" />
    <ClCompile Include="Utilities\RigidBody.cpp" />
    <ClCompile Include="Systems\SRV.cpp" />
    <ClCompile Include="Systems\Text.cpp" />
    <ClCompile Include="Game\Manager\MapManager.cpp" />
    <ClCompile Include="Game\Map\FootHolder\BackFloor.cpp" />
    <ClCompile Include="Game\Map\FootHolder\Floor.cpp" />
    <ClCompile Include="Game\Map\FootHolder\FootHolder.cpp" />
    <ClCompile Include="Game\Map\FootHolder\MoveFloor.cpp" />
    <ClCompile Include="Game\Map\FootHolder\ObjectManage.cpp" />
    <ClCompile Include="Game\Object\MonsterObject.cpp" />
    <ClCompile Include="Game\Monster\Monster.cpp" />
    <ClCompile Include="Game\UI\MainProfile.cpp" />
    <ClCompile Include="Systems\PlayerStatus.cpp" />
    <ClCompile Include="Game\UI\UpgradeShop.cpp" />
    <ClCompile Include="Game\UI\Button.cpp" />
  </ItemGroup>
  <ItemGroup>
    <ClInclude Include="Systems\Graphics.h" />
    <ClInclude Include="Systems\Keyboard.h" />
    <ClInclude Include="Systems\Mouse.h" />
    <ClInclude Include="Systems\Time.h" />
    <ClInclude Include="Systems\Window.h" />
    <ClInclude Include="Utilities\Gui.h" />
    <ClInclude Include="Utilities\SingletonBase.h" />
    <ClInclude Include="Framework.h" />
    <ClInclude Include="Interfaces\IObject.h" />
    <ClInclude Include="Renders\Resources\VertexType.h" />
    <ClInclude Include="Renders\Resources\GlobalBuffer.h" />
    <ClInclude Include="Renders\Resources\ShaderBuffer.h" />
    <ClInclude Include="Renders\IA\VertexBuffer.h" />
    <ClInclude Include="Renders\IA\IndexBuffer.h" />
    <ClInclude Include="Renders\IA\InputLayout.h" />
    <ClInclude Include="Renders\Shaders\IShader.h" />
    <ClInclude Include="Renders\Shaders\VertexShader.h" />
    <ClInclude Include="Renders\Shaders\PixelShader.h" />
    <ClInclude Include="Geomatries\TextureRect.h" />
    <ClInclude Include="Utilities\DirectHelper.h" />
    <ClInclude Include="Utilities\RenderTexture.h" />
    <ClInclude Include="Utilities\BoundingBox.h" />
    <ClInclude Include="Utilities\String.h" />
    <ClInclude Include="Utilities\Path.h" />
    <ClInclude Include="Renders\States.h" />
    <ClInclude Include="Renders\Resources\Texture2D.h" />
    <ClInclude Include="Utilities\Animator.h" />
    <ClInclude Include="Geomatries\AnimationRect.h" />
    <ClInclude Include="Game\Character.h" />
    <ClInclude Include="Systems\Camera.h" />
    <ClInclude Include="Systems\Sounds.h" />
    <ClInclude Include="Utilities\UI.h" />
    <ClInclude Include="Game\UI\Progressbar.h" />
    <ClInclude Include="Utilities\GameObject.h" />
    <ClInclude Include="Geomatries\Tile\Tile.h" />
    <ClInclude Include="Geomatries\Tile\TileSet.h" />
    <ClInclude Include="Geomatries\Tile\TileMap.h" />
    <ClInclude Include="Game\Object\Arrow.h" />
    <ClInclude Include="Geomatries\None\BlurTexture.h" />
    <ClInclude Include="Geomatries\None\GraphicControl.h" />
    <ClInclude Include="Geomatries\None\Rect.h" />
    <ClInclude Include="Geomatries\ShadedTexture.h" />
    <ClInclude Include="Utilities\RigidBody.h" />
    <ClInclude Include="Systems\SRV.h" />
    <ClInclude Include="Systems\Text.h" />
    <ClInclude Include="Game\Manager\MapManager.h" />
    <ClInclude Include="Game\Map\FootHolder\BackFloor.h" />
    <ClInclude Include="Game\Map\FootHolder\Floor.h" />
    <ClInclude Include="Game\Map\FootHolder\FootHolder.h" />
    <ClInclude Include="Game\Map\FootHolder\MoveFloor.h" />
    <ClInclude Include="Game\Map\FootHolder\ObjectManage.h" />
    <ClInclude Include="Game\Object\MonsterObject.h" />
    <ClInclude Include="Game\Monster\Monster.h" />
    <ClInclude Include="Game\UI\MainProfile.h" />
    <ClInclude Include="Systems\PlayerStatus.h" />
    <ClInclude Include="Game\UI\UpgradeShop.h" />
    <ClInclude Include="Game\UI\Button.h" />
  </ItemGroup>
</Project>